
Microsoft Visual Studio Solution File, Format Version 12.00
# Visual Studio Version 16
VisualStudioVersion = 16.0.29613.14
MinimumVisualStudioVersion = 10.0.40219.1
Project("{FAE04EC0-301F-11D3-BF4B-00C04F79EFBC}") = "PokeTypeChart", "PokeTypeChart\PokeTypeChart.csproj", "{A4D14B28-D25B-4453-A95A-011CFEB66814}"
EndProject
Global
	GlobalSection(SolutionConfigurationPlatforms) = preSolution
		Debug|Any CPU = Debug|Any CPU
		Release|Any CPU = Release|Any CPU
	EndGlobalSection
	GlobalSection(ProjectConfigurationPlatforms) = postSolution
		{A4D14B28-D25B-4453-A95A-011CFEB66814}.Debug|Any CPU.ActiveCfg = Debug|Any CPU
		{A4D14B28-D25B-4453-A95A-011CFEB66814}.Debug|Any CPU.Build.0 = Debug|Any CPU
		{A4D14B28-D25B-4453-A95A-011CFEB66814}.Release|Any CPU.ActiveCfg = Release|Any CPU
		{A4D14B28-D25B-4453-A95A-011CFEB66814}.Release|Any CPU.Build.0 = Release|Any CPU
	EndGlobalSection
	GlobalSection(SolutionProperties) = preSolution
		HideSolutionNode = FALSE
	EndGlobalSection
	GlobalSection(ExtensibilityGlobals) = postSolution
		SolutionGuid = {6DD9969B-79CF-4707-90EE-D8C515F47570}
	EndGlobalSection
EndGlobal
